{
  "originHash" : "9d6b48480991e538171fb4c1a5dfb97800ce43c76fef8e775be2a06919151bf4",
  "pins" : [
    {
      "identity" : "capacitor-swift-pm",
      "kind" : "remoteSourceControl",
      "location" : "https://github.com/ionic-team/capacitor-swift-pm.git",
      "state" : {
        "revision" : "9b9fb0af76b2b653f6e9b999f658adc132b9ab4c",
        "version" : "8.4.2"
      }
    },
    {
      "identity" : "purchases-hybrid-common",
      "kind" : "remoteSourceControl",
      "location" : "https://github.com/RevenueCat/purchases-hybrid-common.git",
      "state" : {
        "revision" : "576a846aed537a1f149d004429458ebbc8284bd5",
        "version" : "18.21.0"
      }
    },
    {
      "identity" : "purchases-ios-spm",
      "kind" : "remoteSourceControl",
      "location" : "https://github.com/RevenueCat/purchases-ios-spm",
      "state" : {
        "revision" : "8969bf1feaca2cc9efaa7630cd148cec5005f2f8",
        "version" : "5.80.3"
      }
    }
  ],
  "version" : 3
}
